{
  "name": "backend",
  "version": "1.0.0",
  "lockfileVersion": 3,
  "requires": true,
  "packages": {
    "": {
      "name": "backend",
      "version": "1.0.0",
      "license": "ISC",
      "dependencies": {
        "pocketbase": "github:pocketbase/js-sdk"
      }
    },
    "node_modules/pocketbase": {
      "version": "0.26.0",
      "resolved": "git+ssh://git@github.com/pocketbase/js-sdk.git#b17fd45624a86d69b56163da6e8a519f533a1f22",
      "license": "MIT"
    }
  }
}
